
Microsoft Visual Studio Solution File, Format Version 12.00
# Visual Studio Version 17
VisualStudioVersion = 17.14.36203.30 d17.14
MinimumVisualStudioVersion = 10.0.40219.1
Project("{FAE04EC0-301F-11D3-BF4B-00C04F79EFBC}") = "ProductSalesReport", "ProductSalesReport.csproj", "{4E66D771-9477-417E-BB43-479133346A4B}"
EndProject
Global
	GlobalSection(SolutionConfigurationPlatforms) = preSolution
		Debug|Any CPU = Debug|Any CPU
		Release|Any CPU = Release|Any CPU
	EndGlobalSection
	GlobalSection(ProjectConfigurationPlatforms) = postSolution
		{4E66D771-9477-417E-BB43-479133346A4B}.Debug|Any CPU.ActiveCfg = Debug|Any CPU
		{4E66D771-9477-417E-BB43-479133346A4B}.Debug|Any CPU.Build.0 = Debug|Any CPU
		{4E66D771-9477-417E-BB43-479133346A4B}.Release|Any CPU.ActiveCfg = Release|Any CPU
		{4E66D771-9477-417E-BB43-479133346A4B}.Release|Any CPU.Build.0 = Release|Any CPU
	EndGlobalSection
	GlobalSection(SolutionProperties) = preSolution
		HideSolutionNode = FALSE
	EndGlobalSection
	GlobalSection(ExtensibilityGlobals) = postSolution
		SolutionGuid = {3D4A5CEA-1EFA-40AD-B46F-F5F1F595AAEE}
	EndGlobalSection
EndGlobal
